// !$*UTF8*$!
{
	archiveVersion = 1;
	classes = {
	};
	objectVersion = 56;
	objects = {

/* Begin PBXBuildFile section */
		7F90B24428F74E0A00047012 /* Assets.xcassets in Resources */ = {isa = PBXBuildFile; fileRef = 7F90B24328F74E0A00047012 /* Assets.xcassets */; };
		7F90B24728F74E0A00047012 /* LaunchScreen.storyboard in Resources */ = {isa = PBXBuildFile; fileRef = 7F90B24528F74E0A00047012 /* LaunchScreen.storyboard */; };
		7F90B25628F74EAF00047012 /* Chem_Database.json in Resources */ = {isa = PBXBuildFile; fileRef = 7F90B25328F74EAF00047012 /* Chem_Database.json */; };
		7F90B25728F74EAF00047012 /* MainVC.swift in Sources */ = {isa = PBXBuildFile; fileRef = 7F90B25428F74EAF00047012 /* MainVC.swift */; };
		7F90B25828F74EAF00047012 /* AppDelegate.swift in Sources */ = {isa = PBXBuildFile; fileRef = 7F90B25528F74EAF00047012 /* AppDelegate.swift */; };
		7F90B25C28F74EE400047012 /* BasketVC.swift in Sources */ = {isa = PBXBuildFile; fileRef = 7F90B25B28F74EE400047012 /* BasketVC.swift */; };
		7F90B26228F74EF700047012 /* Category.swift in Sources */ = {isa = PBXBuildFile; fileRef = 7F90B25D28F74EF700047012 /* Category.swift */; };
		7F90B26328F74EF700047012 /* CatalogueManager.swift in Sources */ = {isa = PBXBuildFile; fileRef = 7F90B25E28F74EF700047012 /* CatalogueManager.swift */; };
		7F90B26428F74EF700047012 /* Department.swift in Sources */ = {isa = PBXBuildFile; fileRef = 7F90B25F28F74EF700047012 /* Department.swift */; };
		7F90B26528F74EF700047012 /* Item.swift in Sources */ = {isa = PBXBuildFile; fileRef = 7F90B26028F74EF700047012 /* Item.swift */; };
		7F90B26628F74EF700047012 /* Catalogue.swift in Sources */ = {isa = PBXBuildFile; fileRef = 7F90B26128F74EF700047012 /* Catalogue.swift */; };
		7F90B26928F74F1500047012 /* CatalogueVC.swift in Sources */ = {isa = PBXBuildFile; fileRef = 7F90B26728F74F1500047012 /* CatalogueVC.swift */; };
		7F90B26A28F74F1500047012 /* DepartmentVC.swift in Sources */ = {isa = PBXBuildFile; fileRef = 7F90B26828F74F1500047012 /* DepartmentVC.swift */; };
		7F90B26C28F74F1D00047012 /* DepartmentCell.swift in Sources */ = {isa = PBXBuildFile; fileRef = 7F90B26B28F74F1D00047012 /* DepartmentCell.swift */; };
		7F90B27028F74F3500047012 /* UIResponderExtension.swift in Sources */ = {isa = PBXBuildFile; fileRef = 7F90B26E28F74F3500047012 /* UIResponderExtension.swift */; };
		7F90B27128F74F3500047012 /* UIViewControllerExtensions.swift in Sources */ = {isa = PBXBuildFile; fileRef = 7F90B26F28F74F3500047012 /* UIViewControllerExtensions.swift */; };
/* End PBXBuildFile section */

/* Begin PBXFileReference section */
		7F90B23728F74E0900047012 /* UoM FSE Stores.app */ = {isa = PBXFileReference; explicitFileType = wrapper.application; includeInIndex = 0; path = "UoM FSE Stores.app"; sourceTree = BUILT_PRODUCTS_DIR; };
		7F90B24328F74E0A00047012 /* Assets.xcassets */ = {isa = PBXFileReference; lastKnownFileType = folder.assetcatalog; path = Assets.xcassets; sourceTree = "<group>"; };
		7F90B24628F74E0A00047012 /* Base */ = {isa = PBXFileReference; lastKnownFileType = file.storyboard; name = Base; path = Base.lproj/LaunchScreen.storyboard; sourceTree = "<group>"; };
		7F90B24828F74E0A00047012 /* Info.plist */ = {isa = PBXFileReference; lastKnownFileType = text.plist.xml; path = Info.plist; sourceTree = "<group>"; };
		7F90B25328F74EAF00047012 /* Chem_Database.json */ = {isa = PBXFileReference; fileEncoding = 4; lastKnownFileType = text.json; path = Chem_Database.json; sourceTree = "<group>"; };
		7F90B25428F74EAF00047012 /* MainVC.swift */ = {isa = PBXFileReference; fileEncoding = 4; lastKnownFileType = sourcecode.swift; path = MainVC.swift; sourceTree = "<group>"; };
		7F90B25528F74EAF00047012 /* AppDelegate.swift */ = {isa = PBXFileReference; fileEncoding = 4; lastKnownFileType = sourcecode.swift; path = AppDelegate.swift; sourceTree = "<group>"; };
		7F90B25B28F74EE400047012 /* BasketVC.swift */ = {isa = PBXFileReference; fileEncoding = 4; lastKnownFileType = sourcecode.swift; path = BasketVC.swift; sourceTree = "<group>"; };
		7F90B25D28F74EF700047012 /* Category.swift */ = {isa = PBXFileReference; fileEncoding = 4; lastKnownFileType = sourcecode.swift; path = Category.swift; sourceTree = "<group>"; };
		7F90B25E28F74EF700047012 /* CatalogueManager.swift */ = {isa = PBXFileReference; fileEncoding = 4; lastKnownFileType = sourcecode.swift; path = CatalogueManager.swift; sourceTree = "<group>"; };
		7F90B25F28F74EF700047012 /* Department.swift */ = {isa = PBXFileReference; fileEncoding = 4; lastKnownFileType = sourcecode.swift; path = Department.swift; sourceTree = "<group>"; };
		7F90B26028F74EF700047012 /* Item.swift */ = {isa = PBXFileReference; fileEncoding = 4; lastKnownFileType = sourcecode.swift; path = Item.swift; sourceTree = "<group>"; };
		7F90B26128F74EF700047012 /* Catalogue.swift */ = {isa = PBXFileReference; fileEncoding = 4; lastKnownFileType = sourcecode.swift; path = Catalogue.swift; sourceTree = "<group>"; };
		7F90B26728F74F1500047012 /* CatalogueVC.swift */ = {isa = PBXFileReference; fileEncoding = 4; lastKnownFileType = sourcecode.swift; path = CatalogueVC.swift; sourceTree = "<group>"; };
		7F90B26828F74F1500047012 /* DepartmentVC.swift */ = {isa = PBXFileReference; fileEncoding = 4; lastKnownFileType = sourcecode.swift; path = DepartmentVC.swift; sourceTree = "<group>"; };
		7F90B26B28F74F1D00047012 /* DepartmentCell.swift */ = {isa = PBXFileReference; fileEncoding = 4; lastKnownFileType = sourcecode.swift; path = DepartmentCell.swift; sourceTree = "<group>"; };
		7F90B26E28F74F3500047012 /* UIResponderExtension.swift */ = {isa = PBXFileReference; fileEncoding = 4; lastKnownFileType = sourcecode.swift; path = UIResponderExtension.swift; sourceTree = "<group>"; };
		7F90B26F28F74F3500047012 /* UIViewControllerExtensions.swift */ = {isa = PBXFileReference; fileEncoding = 4; lastKnownFileType = sourcecode.swift; path = UIViewControllerExtensions.swift; sourceTree = "<group>"; };
/* End PBXFileReference section */

/* Begin PBXFrameworksBuildPhase section */
		7F90B23428F74E0900047012 /* Frameworks */ = {
			isa = PBXFrameworksBuildPhase;
			buildActionMask = 2147483647;
			files = (
			);
			runOnlyForDeploymentPostprocessing = 0;
		};
/* End PBXFrameworksBuildPhase section */

/* Begin PBXGroup section */
		7F90B22E28F74E0900047012 = {
			isa = PBXGroup;
			children = (
				7F90B23928F74E0900047012 /* UoM FSE Stores */,
				7F90B23828F74E0900047012 /* Products */,
			);
			sourceTree = "<group>";
		};
		7F90B23828F74E0900047012 /* Products */ = {
			isa = PBXGroup;
			children = (
				7F90B23728F74E0900047012 /* UoM FSE Stores.app */,
			);
			name = Products;
			sourceTree = "<group>";
		};
		7F90B23928F74E0900047012 /* UoM FSE Stores */ = {
			isa = PBXGroup;
			children = (
				7F90B25528F74EAF00047012 /* AppDelegate.swift */,
				7F90B25428F74EAF00047012 /* MainVC.swift */,
				7F90B24F28F74E7E00047012 /* Catalogue */,
				7F90B25A28F74ED500047012 /* Basket */,
				7F90B25928F74EBD00047012 /* Data */,
				7F90B24E28F74E2E00047012 /* Files */,
			);
			path = "UoM FSE Stores";
			sourceTree = "<group>";
		};
		7F90B24E28F74E2E00047012 /* Files */ = {
			isa = PBXGroup;
			children = (
				7F90B24328F74E0A00047012 /* Assets.xcassets */,
				7F90B24528F74E0A00047012 /* LaunchScreen.storyboard */,
				7F90B24828F74E0A00047012 /* Info.plist */,
			);
			name = Files;
			sourceTree = "<group>";
		};
		7F90B24F28F74E7E00047012 /* Catalogue */ = {
			isa = PBXGroup;
			children = (
				7F90B25228F74E8F00047012 /* Data Model */,
				7F90B25128F74E8A00047012 /* Cells */,
				7F90B25028F74E8600047012 /* VCs */,
			);
			name = Catalogue;
			sourceTree = "<group>";
		};
		7F90B25028F74E8600047012 /* VCs */ = {
			isa = PBXGroup;
			children = (
				7F90B26728F74F1500047012 /* CatalogueVC.swift */,
				7F90B26828F74F1500047012 /* DepartmentVC.swift */,
			);
			name = VCs;
			sourceTree = "<group>";
		};
		7F90B25128F74E8A00047012 /* Cells */ = {
			isa = PBXGroup;
			children = (
				7F90B26B28F74F1D00047012 /* DepartmentCell.swift */,
			);
			name = Cells;
			sourceTree = "<group>";
		};
		7F90B25228F74E8F00047012 /* Data Model */ = {
			isa = PBXGroup;
			children = (
				7F90B25E28F74EF700047012 /* CatalogueManager.swift */,
				7F90B26128F74EF700047012 /* Catalogue.swift */,
				7F90B25F28F74EF700047012 /* Department.swift */,
				7F90B25D28F74EF700047012 /* Category.swift */,
				7F90B26028F74EF700047012 /* Item.swift */,
			);
			name = "Data Model";
			sourceTree = "<group>";
		};
		7F90B25928F74EBD00047012 /* Data */ = {
			isa = PBXGroup;
			children = (
				7F90B25328F74EAF00047012 /* Chem_Database.json */,
				7F90B26D28F74F2900047012 /* Utils */,
			);
			name = Data;
			sourceTree = "<group>";
		};
		7F90B25A28F74ED500047012 /* Basket */ = {
			isa = PBXGroup;
			children = (
				7F90B25B28F74EE400047012 /* BasketVC.swift */,
			);
			name = Basket;
			sourceTree = "<group>";
		};
		7F90B26D28F74F2900047012 /* Utils */ = {
			isa = PBXGroup;
			children = (
				7F90B26E28F74F3500047012 /* UIResponderExtension.swift */,
				7F90B26F28F74F3500047012 /* UIViewControllerExtensions.swift */,
			);
			name = Utils;
			sourceTree = "<group>";
		};
/* End PBXGroup section */

/* Begin PBXNativeTarget section */
		7F90B23628F74E0900047012 /* UoM FSE Stores */ = {
			isa = PBXNativeTarget;
			buildConfigurationList = 7F90B24B28F74E0A00047012 /* Build configuration list for PBXNativeTarget "UoM FSE Stores" */;
			buildPhases = (
				7F90B23328F74E0900047012 /* Sources */,
				7F90B23428F74E0900047012 /* Frameworks */,
				7F90B23528F74E0900047012 /* Resources */,
			);
			buildRules = (
			);
			dependencies = (
			);
			name = "UoM FSE Stores";
			productName = "UoM FSE Stores";
			productReference = 7F90B23728F74E0900047012 /* UoM FSE Stores.app */;
			productType = "com.apple.product-type.application";
		};
/* End PBXNativeTarget section */

/* Begin PBXProject section */
		7F90B22F28F74E0900047012 /* Project object */ = {
			isa = PBXProject;
			attributes = {
				BuildIndependentTargetsInParallel = 1;
				LastSwiftUpdateCheck = 1400;
				LastUpgradeCheck = 1400;
				TargetAttributes = {
					7F90B23628F74E0900047012 = {
						CreatedOnToolsVersion = 14.0.1;
						LastSwiftMigration = 1400;
					};
				};
			};
			buildConfigurationList = 7F90B23228F74E0900047012 /* Build configuration list for PBXProject "UoM FSE Stores" */;
			compatibilityVersion = "Xcode 14.0";
			developmentRegion = en;
			hasScannedForEncodings = 0;
			knownRegions = (
				en,
				Base,
			);
			mainGroup = 7F90B22E28F74E0900047012;
			productRefGroup = 7F90B23828F74E0900047012 /* Products */;
			projectDirPath = "";
			projectRoot = "";
			targets = (
				7F90B23628F74E0900047012 /* UoM FSE Stores */,
			);
		};
/* End PBXProject section */

/* Begin PBXResourcesBuildPhase section */
		7F90B23528F74E0900047012 /* Resources */ = {
			isa = PBXResourcesBuildPhase;
			buildActionMask = 2147483647;
			files = (
				7F90B24728F74E0A00047012 /* LaunchScreen.storyboard in Resources */,
				7F90B24428F74E0A00047012 /* Assets.xcassets in Resources */,
				7F90B25628F74EAF00047012 /* Chem_Database.json in Resources */,
			);
			runOnlyForDeploymentPostprocessing = 0;
		};
/* End PBXResourcesBuildPhase section */

/* Begin PBXSourcesBuildPhase section */
		7F90B23328F74E0900047012 /* Sources */ = {
			isa = PBXSourcesBuildPhase;
			buildActionMask = 2147483647;
			files = (
				7F90B26328F74EF700047012 /* CatalogueManager.swift in Sources */,
				7F90B25828F74EAF00047012 /* AppDelegate.swift in Sources */,
				7F90B25C28F74EE400047012 /* BasketVC.swift in Sources */,
				7F90B27128F74F3500047012 /* UIViewControllerExtensions.swift in Sources */,
				7F90B25728F74EAF00047012 /* MainVC.swift in Sources */,
				7F90B26A28F74F1500047012 /* DepartmentVC.swift in Sources */,
				7F90B26528F74EF700047012 /* Item.swift in Sources */,
				7F90B26228F74EF700047012 /* Category.swift in Sources */,
				7F90B26428F74EF700047012 /* Department.swift in Sources */,
				7F90B26928F74F1500047012 /* CatalogueVC.swift in Sources */,
				7F90B26C28F74F1D00047012 /* DepartmentCell.swift in Sources */,
				7F90B27028F74F3500047012 /* UIResponderExtension.swift in Sources */,
				7F90B26628F74EF700047012 /* Catalogue.swift in Sources */,
			);
			runOnlyForDeploymentPostprocessing = 0;
		};
/* End PBXSourcesBuildPhase section */

/* Begin PBXVariantGroup section */
		7F90B24528F74E0A00047012 /* LaunchScreen.storyboard */ = {
			isa = PBXVariantGroup;
			children = (
				7F90B24628F74E0A00047012 /* Base */,
			);
			name = LaunchScreen.storyboard;
			sourceTree = "<group>";
		};
/* End PBXVariantGroup section */

/* Begin XCBuildConfiguration section */
		7F90B24928F74E0A00047012 /* Debug */ = {
			isa = XCBuildConfiguration;
			buildSettings = {
				ALWAYS_SEARCH_USER_PATHS = NO;
				CLANG_ANALYZER_NONNULL = YES;
				CLANG_ANALYZER_NUMBER_OBJECT_CONVERSION = YES_AGGRESSIVE;
				CLANG_CXX_LANGUAGE_STANDARD = "gnu++20";
				CLANG_ENABLE_MODULES = YES;
				CLANG_ENABLE_OBJC_ARC = YES;
				CLANG_ENABLE_OBJC_WEAK = YES;
				CLANG_WARN_BLOCK_CAPTURE_AUTORELEASING = YES;
				CLANG_WARN_BOOL_CONVERSION = YES;
				CLANG_WARN_COMMA = YES;
				CLANG_WARN_CONSTANT_CONVERSION = YES;
				CLANG_WARN_DEPRECATED_OBJC_IMPLEMENTATIONS = YES;
				CLANG_WARN_DIRECT_OBJC_ISA_USAGE = YES_ERROR;
				CLANG_WARN_DOCUMENTATION_COMMENTS = YES;
				CLANG_WARN_EMPTY_BODY = YES;
				CLANG_WARN_ENUM_CONVERSION = YES;
				CLANG_WARN_INFINITE_RECURSION = YES;
				CLANG_WARN_INT_CONVERSION = YES;
				CLANG_WARN_NON_LITERAL_NULL_CONVERSION = YES;
				CLANG_WARN_OBJC_IMPLICIT_RETAIN_SELF = YES;
				CLANG_WARN_OBJC_LITERAL_CONVERSION = YES;
				CLANG_WARN_OBJC_ROOT_CLASS = YES_ERROR;
				CLANG_WARN_QUOTED_INCLUDE_IN_FRAMEWORK_HEADER = YES;
				CLANG_WARN_RANGE_LOOP_ANALYSIS = YES;
				CLANG_WARN_STRICT_PROTOTYPES = YES;
				CLANG_WARN_SUSPICIOUS_MOVE = YES;
				CLANG_WARN_UNGUARDED_AVAILABILITY = YES_AGGRESSIVE;
				CLANG_WARN_UNREACHABLE_CODE = YES;
				CLANG_WARN__DUPLICATE_METHOD_MATCH = YES;
				COPY_PHASE_STRIP = NO;
				DEBUG_INFORMATION_FORMAT = dwarf;
				ENABLE_STRICT_OBJC_MSGSEND = YES;
				ENABLE_TESTABILITY = YES;
				GCC_C_LANGUAGE_STANDARD = gnu11;
				GCC_DYNAMIC_NO_PIC = NO;
				GCC_NO_COMMON_BLOCKS = YES;
				GCC_OPTIMIZATION_LEVEL = 0;
				GCC_PREPROCESSOR_DEFINITIONS = (
					"DEBUG=1",
					"$(inherited)",
				);
				GCC_WARN_64_TO_32_BIT_CONVERSION = YES;
				GCC_WARN_ABOUT_RETURN_TYPE = YES_ERROR;
				GCC_WARN_UNDECLARED_SELECTOR = YES;
				GCC_WARN_UNINITIALIZED_AUTOS = YES_AGGRESSIVE;
				GCC_WARN_UNUSED_FUNCTION = YES;
				GCC_WARN_UNUSED_VARIABLE = YES;
				IPHONEOS_DEPLOYMENT_TARGET = 16.0;
				MTL_ENABLE_DEBUG_INFO = INCLUDE_SOURCE;
				MTL_FAST_MATH = YES;
				ONLY_ACTIVE_ARCH = YES;
				SDKROOT = iphoneos;
				SWIFT_ACTIVE_COMPILATION_CONDITIONS = DEBUG;
				SWIFT_OPTIMIZATION_LEVEL = "-Onone";
			};
			name = Debug;
		};
		7F90B24A28F74E0A00047012 /* Release */ = {
			isa = XCBuildConfiguration;
			buildSettings = {
				ALWAYS_SEARCH_USER_PATHS = NO;
				CLANG_ANALYZER_NONNULL = YES;
				CLANG_ANALYZER_NUMBER_OBJECT_CONVERSION = YES_AGGRESSIVE;
				CLANG_CXX_LANGUAGE_STANDARD = "gnu++20";
				CLANG_ENABLE_MODULES = YES;
				CLANG_ENABLE_OBJC_ARC = YES;
				CLANG_ENABLE_OBJC_WEAK = YES;
				CLANG_WARN_BLOCK_CAPTURE_AUTORELEASING = YES;
				CLANG_WARN_BOOL_CONVERSION = YES;
				CLANG_WARN_COMMA = YES;
				CLANG_WARN_CONSTANT_CONVERSION = YES;
				CLANG_WARN_DEPRECATED_OBJC_IMPLEMENTATIONS = YES;
				CLANG_WARN_DIRECT_OBJC_ISA_USAGE = YES_ERROR;
				CLANG_WARN_DOCUMENTATION_COMMENTS = YES;
				CLANG_WARN_EMPTY_BODY = YES;
				CLANG_WARN_ENUM_CONVERSION = YES;
				CLANG_WARN_INFINITE_RECURSION = YES;
				CLANG_WARN_INT_CONVERSION = YES;
				CLANG_WARN_NON_LITERAL_NULL_CONVERSION = YES;
				CLANG_WARN_OBJC_IMPLICIT_RETAIN_SELF = YES;
				CLANG_WARN_OBJC_LITERAL_CONVERSION = YES;
				CLANG_WARN_OBJC_ROOT_CLASS = YES_ERROR;
				CLANG_WARN_QUOTED_INCLUDE_IN_FRAMEWORK_HEADER = YES;
				CLANG_WARN_RANGE_LOOP_ANALYSIS = YES;
				CLANG_WARN_STRICT_PROTOTYPES = YES;
				CLANG_WARN_SUSPICIOUS_MOVE = YES;
				CLANG_WARN_UNGUARDED_AVAILABILITY = YES_AGGRESSIVE;
				CLANG_WARN_UNREACHABLE_CODE = YES;
				CLANG_WARN__DUPLICATE_METHOD_MATCH = YES;
				COPY_PHASE_STRIP = NO;
				DEBUG_INFORMATION_FORMAT = "dwarf-with-dsym";
				ENABLE_NS_ASSERTIONS = NO;
				ENABLE_STRICT_OBJC_MSGSEND = YES;
				GCC_C_LANGUAGE_STANDARD = gnu11;
				GCC_NO_COMMON_BLOCKS = YES;
				GCC_WARN_64_TO_32_BIT_CONVERSION = YES;
				GCC_WARN_ABOUT_RETURN_TYPE = YES_ERROR;
				GCC_WARN_UNDECLARED_SELECTOR = YES;
				GCC_WARN_UNINITIALIZED_AUTOS = YES_AGGRESSIVE;
				GCC_WARN_UNUSED_FUNCTION = YES;
				GCC_WARN_UNUSED_VARIABLE = YES;
				IPHONEOS_DEPLOYMENT_TARGET = 16.0;
				MTL_ENABLE_DEBUG_INFO = NO;
				MTL_FAST_MATH = YES;
				SDKROOT = iphoneos;
				SWIFT_COMPILATION_MODE = wholemodule;
				SWIFT_OPTIMIZATION_LEVEL = "-O";
				VALIDATE_PRODUCT = YES;
			};
			name = Release;
		};
		7F90B24C28F74E0A00047012 /* Debug */ = {
			isa = XCBuildConfiguration;
			buildSettings = {
				ASSETCATALOG_COMPILER_APPICON_NAME = AppIcon;
				ASSETCATALOG_COMPILER_GLOBAL_ACCENT_COLOR_NAME = AccentColor;
				CLANG_ENABLE_MODULES = YES;
				CODE_SIGN_STYLE = Automatic;
				CURRENT_PROJECT_VERSION = 1;
				DEVELOPMENT_TEAM = 3RLAVX9QDP;
				GENERATE_INFOPLIST_FILE = YES;
				INFOPLIST_FILE = "UoM FSE Stores/Info.plist";
				INFOPLIST_KEY_UIApplicationSupportsIndirectInputEvents = YES;
				INFOPLIST_KEY_UILaunchStoryboardName = LaunchScreen;
				INFOPLIST_KEY_UISupportedInterfaceOrientations_iPad = "UIInterfaceOrientationPortrait UIInterfaceOrientationPortraitUpsideDown UIInterfaceOrientationLandscapeLeft UIInterfaceOrientationLandscapeRight";
				INFOPLIST_KEY_UISupportedInterfaceOrientations_iPhone = "UIInterfaceOrientationPortrait UIInterfaceOrientationLandscapeLeft UIInterfaceOrientationLandscapeRight";
				LD_RUNPATH_SEARCH_PATHS = (
					"$(inherited)",
					"@executable_path/Frameworks",
				);
				MARKETING_VERSION = 1.0;
				PRODUCT_BUNDLE_IDENTIFIER = "com.KS.UoM-FSE-Stores";
				PRODUCT_NAME = "$(TARGET_NAME)";
				SWIFT_EMIT_LOC_STRINGS = YES;
				SWIFT_OPTIMIZATION_LEVEL = "-Onone";
				SWIFT_VERSION = 5.0;
				TARGETED_DEVICE_FAMILY = "1,2";
			};
			name = Debug;
		};
		7F90B24D28F74E0A00047012 /* Release */ = {
			isa = XCBuildConfiguration;
			buildSettings = {
				ASSETCATALOG_COMPILER_APPICON_NAME = AppIcon;
				ASSETCATALOG_COMPILER_GLOBAL_ACCENT_COLOR_NAME = AccentColor;
				CLANG_ENABLE_MODULES = YES;
				CODE_SIGN_STYLE = Automatic;
				CURRENT_PROJECT_VERSION = 1;
				DEVELOPMENT_TEAM = 3RLAVX9QDP;
				GENERATE_INFOPLIST_FILE = YES;
				INFOPLIST_FILE = "UoM FSE Stores/Info.plist";
				INFOPLIST_KEY_UIApplicationSupportsIndirectInputEvents = YES;
				INFOPLIST_KEY_UILaunchStoryboardName = LaunchScreen;
				INFOPLIST_KEY_UISupportedInterfaceOrientations_iPad = "UIInterfaceOrientationPortrait UIInterfaceOrientationPortraitUpsideDown UIInterfaceOrientationLandscapeLeft UIInterfaceOrientationLandscapeRight";
				INFOPLIST_KEY_UISupportedInterfaceOrientations_iPhone = "UIInterfaceOrientationPortrait UIInterfaceOrientationLandscapeLeft UIInterfaceOrientationLandscapeRight";
				LD_RUNPATH_SEARCH_PATHS = (
					"$(inherited)",
					"@executable_path/Frameworks",
				);
				MARKETING_VERSION = 1.0;
				PRODUCT_BUNDLE_IDENTIFIER = "com.KS.UoM-FSE-Stores";
				PRODUCT_NAME = "$(TARGET_NAME)";
				SWIFT_EMIT_LOC_STRINGS = YES;
				SWIFT_VERSION = 5.0;
				TARGETED_DEVICE_FAMILY = "1,2";
			};
			name = Release;
		};
/* End XCBuildConfiguration section */

/* Begin XCConfigurationList section */
		7F90B23228F74E0900047012 /* Build configuration list for PBXProject "UoM FSE Stores" */ = {
			isa = XCConfigurationList;
			buildConfigurations = (
				7F90B24928F74E0A00047012 /* Debug */,
				7F90B24A28F74E0A00047012 /* Release */,
			);
			defaultConfigurationIsVisible = 0;
			defaultConfigurationName = Release;
		};
		7F90B24B28F74E0A00047012 /* Build configuration list for PBXNativeTarget "UoM FSE Stores" */ = {
			isa = XCConfigurationList;
			buildConfigurations = (
				7F90B24C28F74E0A00047012 /* Debug */,
				7F90B24D28F74E0A00047012 /* Release */,
			);
			defaultConfigurationIsVisible = 0;
			defaultConfigurationName = Release;
		};
/* End XCConfigurationList section */
	};
	rootObject = 7F90B22F28F74E0900047012 /* Project object */;
}
